
Microsoft Visual Studio Solution File, Format Version 12.00
# Visual Studio 15
VisualStudioVersion = 15.0.27428.2027
MinimumVisualStudioVersion = 10.0.40219.1
Project("{9A19103F-16F7-4668-BE54-9A1E7A4F7556}") = "QIndependentStudios.Obex", "QIndependentStudios.Obex\QIndependentStudios.Obex.csproj", "{A7B93ABD-DE76-4B33-BBFF-D5439B06EE74}"
EndProject
Project("{9A19103F-16F7-4668-BE54-9A1E7A4F7556}") = "QIndependentStudios.Obex.Tests", "QIndependentStudios.Obex.Tests\QIndependentStudios.Obex.Tests.csproj", "{85716F01-B5F1-4B5E-B953-D95C7B57251D}"
EndProject
Project("{FAE04EC0-301F-11D3-BF4B-00C04F79EFBC}") = "QIndependentStudios.Obex.Uwp", "QIndependentStudios.Obex.Uwp\QIndependentStudios.Obex.Uwp.csproj", "{7C7235CA-586C-44FD-847C-C32A4F66417C}"
EndProject
Project("{FAE04EC0-301F-11D3-BF4B-00C04F79EFBC}") = "TestApp", "TestApp\TestApp.csproj", "{FB037CC7-117D-445A-86AA-EB498811A619}"
EndProject
Global
	GlobalSection(SolutionConfigurationPlatforms) = preSolution
		Debug|Any CPU = Debug|Any CPU
		Debug|ARM = Debug|ARM
		Debug|x64 = Debug|x64
		Debug|x86 = Debug|x86
		Release|Any CPU = Release|Any CPU
		Release|ARM = Release|ARM
		Release|x64 = Release|x64
		Release|x86 = Release|x86
	EndGlobalSection
	GlobalSection(ProjectConfigurationPlatforms) = postSolution
		{A7B93ABD-DE76-4B33-BBFF-D5439B06EE74}.Debug|Any CPU.ActiveCfg = Debug|Any CPU
		{A7B93ABD-DE76-4B33-BBFF-D5439B06EE74}.Debug|Any CPU.Build.0 = Debug|Any CPU
		{A7B93ABD-DE76-4B33-BBFF-D5439B06EE74}.Debug|ARM.ActiveCfg = Debug|Any CPU
		{A7B93ABD-DE76-4B33-BBFF-D5439B06EE74}.Debug|ARM.Build.0 = Debug|Any CPU
		{A7B93ABD-DE76-4B33-BBFF-D5439B06EE74}.Debug|x64.ActiveCfg = Debug|Any CPU
		{A7B93ABD-DE76-4B33-BBFF-D5439B06EE74}.Debug|x64.Build.0 = Debug|Any CPU
		{A7B93ABD-DE76-4B33-BBFF-D5439B06EE74}.Debug|x86.ActiveCfg = Debug|Any CPU
		{A7B93ABD-DE76-4B33-BBFF-D5439B06EE74}.Debug|x86.Build.0 = Debug|Any CPU
		{A7B93ABD-DE76-4B33-BBFF-D5439B06EE74}.Release|Any CPU.ActiveCfg = Release|Any CPU
		{A7B93ABD-DE76-4B33-BBFF-D5439B06EE74}.Release|Any CPU.Build.0 = Release|Any CPU
		{A7B93ABD-DE76-4B33-BBFF-D5439B06EE74}.Release|ARM.ActiveCfg = Release|Any CPU
		{A7B93ABD-DE76-4B33-BBFF-D5439B06EE74}.Release|ARM.Build.0 = Release|Any CPU
		{A7B93ABD-DE76-4B33-BBFF-D5439B06EE74}.Release|x64.ActiveCfg = Release|Any CPU
		{A7B93ABD-DE76-4B33-BBFF-D5439B06EE74}.Release|x64.Build.0 = Release|Any CPU
		{A7B93ABD-DE76-4B33-BBFF-D5439B06EE74}.Release|x86.ActiveCfg = Release|Any CPU
		{A7B93ABD-DE76-4B33-BBFF-D5439B06EE74}.Release|x86.Build.0 = Release|Any CPU
		{85716F01-B5F1-4B5E-B953-D95C7B57251D}.Debug|Any CPU.ActiveCfg = Debug|Any CPU
		{85716F01-B5F1-4B5E-B953-D95C7B57251D}.Debug|Any CPU.Build.0 = Debug|Any CPU
		{85716F01-B5F1-4B5E-B953-D95C7B57251D}.Debug|ARM.ActiveCfg = Debug|Any CPU
		{85716F01-B5F1-4B5E-B953-D95C7B57251D}.Debug|ARM.Build.0 = Debug|Any CPU
		{85716F01-B5F1-4B5E-B953-D95C7B57251D}.Debug|x64.ActiveCfg = Debug|Any CPU
		{85716F01-B5F1-4B5E-B953-D95C7B57251D}.Debug|x64.Build.0 = Debug|Any CPU
		{85716F01-B5F1-4B5E-B953-D95C7B57251D}.Debug|x86.ActiveCfg = Debug|Any CPU
		{85716F01-B5F1-4B5E-B953-D95C7B57251D}.Debug|x86.Build.0 = Debug|Any CPU
		{85716F01-B5F1-4B5E-B953-D95C7B57251D}.Release|Any CPU.ActiveCfg = Release|Any CPU
		{85716F01-B5F1-4B5E-B953-D95C7B57251D}.Release|Any CPU.Build.0 = Release|Any CPU
		{85716F01-B5F1-4B5E-B953-D95C7B57251D}.Release|ARM.ActiveCfg = Release|Any CPU
		{85716F01-B5F1-4B5E-B953-D95C7B57251D}.Release|ARM.Build.0 = Release|Any CPU
		{85716F01-B5F1-4B5E-B953-D95C7B57251D}.Release|x64.ActiveCfg = Release|Any CPU
		{85716F01-B5F1-4B5E-B953-D95C7B57251D}.Release|x64.Build.0 = Release|Any CPU
		{85716F01-B5F1-4B5E-B953-D95C7B57251D}.Release|x86.ActiveCfg = Release|Any CPU
		{85716F01-B5F1-4B5E-B953-D95C7B57251D}.Release|x86.Build.0 = Release|Any CPU
		{7C7235CA-586C-44FD-847C-C32A4F66417C}.Debug|Any CPU.ActiveCfg = Debug|Any CPU
		{7C7235CA-586C-44FD-847C-C32A4F66417C}.Debug|Any CPU.Build.0 = Debug|Any CPU
		{7C7235CA-586C-44FD-847C-C32A4F66417C}.Debug|ARM.ActiveCfg = Debug|ARM
		{7C7235CA-586C-44FD-847C-C32A4F66417C}.Debug|ARM.Build.0 = Debug|ARM
		{7C7235CA-586C-44FD-847C-C32A4F66417C}.Debug|x64.ActiveCfg = Debug|x64
		{7C7235CA-586C-44FD-847C-C32A4F66417C}.Debug|x64.Build.0 = Debug|x64
		{7C7235CA-586C-44FD-847C-C32A4F66417C}.Debug|x86.ActiveCfg = Debug|x86
		{7C7235CA-586C-44FD-847C-C32A4F66417C}.Debug|x86.Build.0 = Debug|x86
		{7C7235CA-586C-44FD-847C-C32A4F66417C}.Release|Any CPU.ActiveCfg = Release|Any CPU
		{7C7235CA-586C-44FD-847C-C32A4F66417C}.Release|Any CPU.Build.0 = Release|Any CPU
		{7C7235CA-586C-44FD-847C-C32A4F66417C}.Release|ARM.ActiveCfg = Release|ARM
		{7C7235CA-586C-44FD-847C-C32A4F66417C}.Release|ARM.Build.0 = Release|ARM
		{7C7235CA-586C-44FD-847C-C32A4F66417C}.Release|x64.ActiveCfg = Release|x64
		{7C7235CA-586C-44FD-847C-C32A4F66417C}.Release|x64.Build.0 = Release|x64
		{7C7235CA-586C-44FD-847C-C32A4F66417C}.Release|x86.ActiveCfg = Release|x86
		{7C7235CA-586C-44FD-847C-C32A4F66417C}.Release|x86.Build.0 = Release|x86
		{FB037CC7-117D-445A-86AA-EB498811A619}.Debug|Any CPU.ActiveCfg = Debug|x86
		{FB037CC7-117D-445A-86AA-EB498811A619}.Debug|ARM.ActiveCfg = Debug|ARM
		{FB037CC7-117D-445A-86AA-EB498811A619}.Debug|ARM.Build.0 = Debug|ARM
		{FB037CC7-117D-445A-86AA-EB498811A619}.Debug|ARM.Deploy.0 = Debug|ARM
		{FB037CC7-117D-445A-86AA-EB498811A619}.Debug|x64.ActiveCfg = Debug|x64
		{FB037CC7-117D-445A-86AA-EB498811A619}.Debug|x64.Build.0 = Debug|x64
		{FB037CC7-117D-445A-86AA-EB498811A619}.Debug|x64.Deploy.0 = Debug|x64
		{FB037CC7-117D-445A-86AA-EB498811A619}.Debug|x86.ActiveCfg = Debug|x86
		{FB037CC7-117D-445A-86AA-EB498811A619}.Debug|x86.Build.0 = Debug|x86
		{FB037CC7-117D-445A-86AA-EB498811A619}.Debug|x86.Deploy.0 = Debug|x86
		{FB037CC7-117D-445A-86AA-EB498811A619}.Release|Any CPU.ActiveCfg = Release|x86
		{FB037CC7-117D-445A-86AA-EB498811A619}.Release|ARM.ActiveCfg = Release|ARM
		{FB037CC7-117D-445A-86AA-EB498811A619}.Release|ARM.Build.0 = Release|ARM
		{FB037CC7-117D-445A-86AA-EB498811A619}.Release|ARM.Deploy.0 = Release|ARM
		{FB037CC7-117D-445A-86AA-EB498811A619}.Release|x64.ActiveCfg = Release|x64
		{FB037CC7-117D-445A-86AA-EB498811A619}.Release|x64.Build.0 = Release|x64
		{FB037CC7-117D-445A-86AA-EB498811A619}.Release|x64.Deploy.0 = Release|x64
		{FB037CC7-117D-445A-86AA-EB498811A619}.Release|x86.ActiveCfg = Release|x86
		{FB037CC7-117D-445A-86AA-EB498811A619}.Release|x86.Build.0 = Release|x86
		{FB037CC7-117D-445A-86AA-EB498811A619}.Release|x86.Deploy.0 = Release|x86
	EndGlobalSection
	GlobalSection(SolutionProperties) = preSolution
		HideSolutionNode = FALSE
	EndGlobalSection
	GlobalSection(ExtensibilityGlobals) = postSolution
		SolutionGuid = {60989BA7-9029-4566-8739-4E557DFBEC70}
	EndGlobalSection
EndGlobal
